// !$*UTF8*$!
{
	archiveVersion = 1;
	classes = {
	};
	objectVersion = 46;
	objects = {

/* Begin PBXBuildFile section */
		5393C0941B82DD6100E78858 /* base64.c in Sources */ = {isa = PBXBuildFile; fileRef = 5393C08F1B82DD6100E78858 /* base64.c */; };
		5393C0951B82DD6100E78858 /* base64.h in Headers */ = {isa = PBXBuildFile; fileRef = 5393C0901B82DD6100E78858 /* base64.h */; };
		5393C0961B82DD6100E78858 /* interface.c in Sources */ = {isa = PBXBuildFile; fileRef = 5393C0911B82DD6100E78858 /* interface.c */; };
		5393C0971B82DD6100E78858 /* util.c in Sources */ = {isa = PBXBuildFile; fileRef = 5393C0921B82DD6100E78858 /* util.c */; };
		5393C0981B82DD6100E78858 /* util.h in Headers */ = {isa = PBXBuildFile; fileRef = 5393C0931B82DD6100E78858 /* util.h */; };
		5393C0E91B82DD6C00E78858 /* libcrypto.a in Frameworks */ = {isa = PBXBuildFile; fileRef = 5393C0E81B82DD6700E78858 /* libcrypto.a */; };
/* End PBXBuildFile section */

/* Begin PBXFileReference section */
		5309397C1B7DF30E000D335D /* liblog.dylib */ = {isa = PBXFileReference; explicitFileType = "compiled.mach-o.dylib"; includeInIndex = 0; path = liblog.dylib; sourceTree = BUILT_PRODUCTS_DIR; };
		5393C08F1B82DD6100E78858 /* base64.c */ = {isa = PBXFileReference; fileEncoding = 4; lastKnownFileType = sourcecode.c.c; name = base64.c; path = src/main/c/base64.c; sourceTree = "<group>"; };
		5393C0901B82DD6100E78858 /* base64.h */ = {isa = PBXFileReference; fileEncoding = 4; lastKnownFileType = sourcecode.c.h; name = base64.h; path = src/main/c/base64.h; sourceTree = "<group>"; };
		5393C0911B82DD6100E78858 /* interface.c */ = {isa = PBXFileReference; fileEncoding = 4; lastKnownFileType = sourcecode.c.c; name = interface.c; path = src/main/c/interface.c; sourceTree = "<group>"; };
		5393C0921B82DD6100E78858 /* util.c */ = {isa = PBXFileReference; fileEncoding = 4; lastKnownFileType = sourcecode.c.c; name = util.c; path = src/main/c/util.c; sourceTree = "<group>"; };
		5393C0931B82DD6100E78858 /* util.h */ = {isa = PBXFileReference; fileEncoding = 4; lastKnownFileType = sourcecode.c.h; name = util.h; path = src/main/c/util.h; sourceTree = "<group>"; };
		5393C09B1B82DD6700E78858 /* aes.h */ = {isa = PBXFileReference; lastKnownFileType = sourcecode.c.h; path = aes.h; sourceTree = "<group>"; };
		5393C09C1B82DD6700E78858 /* asn1.h */ = {isa = PBXFileReference; lastKnownFileType = sourcecode.c.h; path = asn1.h; sourceTree = "<group>"; };
		5393C09D1B82DD6700E78858 /* asn1_mac.h */ = {isa = PBXFileReference; lastKnownFileType = sourcecode.c.h; path = asn1_mac.h; sourceTree = "<group>"; };
		5393C09E1B82DD6700E78858 /* asn1t.h */ = {isa = PBXFileReference; lastKnownFileType = sourcecode.c.h; path = asn1t.h; sourceTree = "<group>"; };
		5393C09F1B82DD6700E78858 /* bio.h */ = {isa = PBXFileReference; lastKnownFileType = sourcecode.c.h; path = bio.h; sourceTree = "<group>"; };
		5393C0A01B82DD6700E78858 /* blowfish.h */ = {isa = PBXFileReference; lastKnownFileType = sourcecode.c.h; path = blowfish.h; sourceTree = "<group>"; };
		5393C0A11B82DD6700E78858 /* bn.h */ = {isa = PBXFileReference; lastKnownFileType = sourcecode.c.h; path = bn.h; sourceTree = "<group>"; };
		5393C0A21B82DD6700E78858 /* buffer.h */ = {isa = PBXFileReference; lastKnownFileType = sourcecode.c.h; path = buffer.h; sourceTree = "<group>"; };
		5393C0A31B82DD6700E78858 /* camellia.h */ = {isa = PBXFileReference; lastKnownFileType = sourcecode.c.h; path = camellia.h; sourceTree = "<group>"; };
		5393C0A41B82DD6700E78858 /* cast.h */ = {isa = PBXFileReference; lastKnownFileType = sourcecode.c.h; path = cast.h; sourceTree = "<group>"; };
		5393C0A51B82DD6700E78858 /* cmac.h */ = {isa = PBXFileReference; lastKnownFileType = sourcecode.c.h; path = cmac.h; sourceTree = "<group>"; };
		5393C0A61B82DD6700E78858 /* cms.h */ = {isa = PBXFileReference; lastKnownFileType = sourcecode.c.h; path = cms.h; sourceTree = "<group>"; };
		5393C0A71B82DD6700E78858 /* comp.h */ = {isa = PBXFileReference; lastKnownFileType = sourcecode.c.h; path = comp.h; sourceTree = "<group>"; };
		5393C0A81B82DD6700E78858 /* conf.h */ = {isa = PBXFileReference; lastKnownFileType = sourcecode.c.h; path = conf.h; sourceTree = "<group>"; };
		5393C0A91B82DD6700E78858 /* conf_api.h */ = {isa = PBXFileReference; lastKnownFileType = sourcecode.c.h; path = conf_api.h; sourceTree = "<group>"; };
		5393C0AA1B82DD6700E78858 /* crypto.h */ = {isa = PBXFileReference; lastKnownFileType = sourcecode.c.h; path = crypto.h; sourceTree = "<group>"; };
		5393C0AB1B82DD6700E78858 /* des.h */ = {isa = PBXFileReference; lastKnownFileType = sourcecode.c.h; path = des.h; sourceTree = "<group>"; };
		5393C0AC1B82DD6700E78858 /* des_old.h */ = {isa = PBXFileReference; lastKnownFileType = sourcecode.c.h; path = des_old.h; sourceTree = "<group>"; };
		5393C0AD1B82DD6700E78858 /* dh.h */ = {isa = PBXFileReference; lastKnownFileType = sourcecode.c.h; path = dh.h; sourceTree = "<group>"; };
		5393C0AE1B82DD6700E78858 /* dsa.h */ = {isa = PBXFileReference; lastKnownFileType = sourcecode.c.h; path = dsa.h; sourceTree = "<group>"; };
		5393C0AF1B82DD6700E78858 /* dso.h */ = {isa = PBXFileReference; lastKnownFileType = sourcecode.c.h; path = dso.h; sourceTree = "<group>"; };
		5393C0B01B82DD6700E78858 /* dtls1.h */ = {isa = PBXFileReference; lastKnownFileType = sourcecode.c.h; path = dtls1.h; sourceTree = "<group>"; };
		5393C0B11B82DD6700E78858 /* e_os2.h */ = {isa = PBXFileReference; lastKnownFileType = sourcecode.c.h; path = e_os2.h; sourceTree = "<group>"; };
		5393C0B21B82DD6700E78858 /* ebcdic.h */ = {isa = PBXFileReference; lastKnownFileType = sourcecode.c.h; path = ebcdic.h; sourceTree = "<group>"; };
		5393C0B31B82DD6700E78858 /* ec.h */ = {isa = PBXFileReference; lastKnownFileType = sourcecode.c.h; path = ec.h; sourceTree = "<group>"; };
		5393C0B41B82DD6700E78858 /* ecdh.h */ = {isa = PBXFileReference; lastKnownFileType = sourcecode.c.h; path = ecdh.h; sourceTree = "<group>"; };
		5393C0B51B82DD6700E78858 /* ecdsa.h */ = {isa = PBXFileReference; lastKnownFileType = sourcecode.c.h; path = ecdsa.h; sourceTree = "<group>"; };
		5393C0B61B82DD6700E78858 /* engine.h */ = {isa = PBXFileReference; lastKnownFileType = sourcecode.c.h; path = engine.h; sourceTree = "<group>"; };
		5393C0B71B82DD6700E78858 /* err.h */ = {isa = PBXFileReference; lastKnownFileType = sourcecode.c.h; path = err.h; sourceTree = "<group>"; };
		5393C0B81B82DD6700E78858 /* evp.h */ = {isa = PBXFileReference; lastKnownFileType = sourcecode.c.h; path = evp.h; sourceTree = "<group>"; };
		5393C0B91B82DD6700E78858 /* hmac.h */ = {isa = PBXFileReference; lastKnownFileType = sourcecode.c.h; path = hmac.h; sourceTree = "<group>"; };
		5393C0BA1B82DD6700E78858 /* idea.h */ = {isa = PBXFileReference; lastKnownFileType = sourcecode.c.h; path = idea.h; sourceTree = "<group>"; };
		5393C0BB1B82DD6700E78858 /* krb5_asn.h */ = {isa = PBXFileReference; lastKnownFileType = sourcecode.c.h; path = krb5_asn.h; sourceTree = "<group>"; };
		5393C0BC1B82DD6700E78858 /* kssl.h */ = {isa = PBXFileReference; lastKnownFileType = sourcecode.c.h; path = kssl.h; sourceTree = "<group>"; };
		5393C0BD1B82DD6700E78858 /* lhash.h */ = {isa = PBXFileReference; lastKnownFileType = sourcecode.c.h; path = lhash.h; sourceTree = "<group>"; };
		5393C0BE1B82DD6700E78858 /* md4.h */ = {isa = PBXFileReference; lastKnownFileType = sourcecode.c.h; path = md4.h; sourceTree = "<group>"; };
		5393C0BF1B82DD6700E78858 /* md5.h */ = {isa = PBXFileReference; lastKnownFileType = sourcecode.c.h; path = md5.h; sourceTree = "<group>"; };
		5393C0C01B82DD6700E78858 /* mdc2.h */ = {isa = PBXFileReference; lastKnownFileType = sourcecode.c.h; path = mdc2.h; sourceTree = "<group>"; };
		5393C0C11B82DD6700E78858 /* modes.h */ = {isa = PBXFileReference; lastKnownFileType = sourcecode.c.h; path = modes.h; sourceTree = "<group>"; };
		5393C0C21B82DD6700E78858 /* obj_mac.h */ = {isa = PBXFileReference; lastKnownFileType = sourcecode.c.h; path = obj_mac.h; sourceTree = "<group>"; };
		5393C0C31B82DD6700E78858 /* objects.h */ = {isa = PBXFileReference; lastKnownFileType = sourcecode.c.h; path = objects.h; sourceTree = "<group>"; };
		5393C0C41B82DD6700E78858 /* ocsp.h */ = {isa = PBXFileReference; lastKnownFileType = sourcecode.c.h; path = ocsp.h; sourceTree = "<group>"; };
		5393C0C51B82DD6700E78858 /* opensslconf.h */ = {isa = PBXFileReference; lastKnownFileType = sourcecode.c.h; path = opensslconf.h; sourceTree = "<group>"; };
		5393C0C61B82DD6700E78858 /* opensslv.h */ = {isa = PBXFileReference; lastKnownFileType = sourcecode.c.h; path = opensslv.h; sourceTree = "<group>"; };
		5393C0C71B82DD6700E78858 /* ossl_typ.h */ = {isa = PBXFileReference; lastKnownFileType = sourcecode.c.h; path = ossl_typ.h; sourceTree = "<group>"; };
		5393C0C81B82DD6700E78858 /* pem.h */ = {isa = PBXFileReference; lastKnownFileType = sourcecode.c.h; path = pem.h; sourceTree = "<group>"; };
		5393C0C91B82DD6700E78858 /* pem2.h */ = {isa = PBXFileReference; lastKnownFileType = sourcecode.c.h; path = pem2.h; sourceTree = "<group>"; };
		5393C0CA1B82DD6700E78858 /* pkcs12.h */ = {isa = PBXFileReference; lastKnownFileType = sourcecode.c.h; path = pkcs12.h; sourceTree = "<group>"; };
		5393C0CB1B82DD6700E78858 /* pkcs7.h */ = {isa = PBXFileReference; lastKnownFileType = sourcecode.c.h; path = pkcs7.h; sourceTree = "<group>"; };
		5393C0CC1B82DD6700E78858 /* pqueue.h */ = {isa = PBXFileReference; lastKnownFileType = sourcecode.c.h; path = pqueue.h; sourceTree = "<group>"; };
		5393C0CD1B82DD6700E78858 /* rand.h */ = {isa = PBXFileReference; lastKnownFileType = sourcecode.c.h; path = rand.h; sourceTree = "<group>"; };
		5393C0CE1B82DD6700E78858 /* rc2.h */ = {isa = PBXFileReference; lastKnownFileType = sourcecode.c.h; path = rc2.h; sourceTree = "<group>"; };
		5393C0CF1B82DD6700E78858 /* rc4.h */ = {isa = PBXFileReference; lastKnownFileType = sourcecode.c.h; path = rc4.h; sourceTree = "<group>"; };
		5393C0D01B82DD6700E78858 /* ripemd.h */ = {isa = PBXFileReference; lastKnownFileType = sourcecode.c.h; path = ripemd.h; sourceTree = "<group>"; };
		5393C0D11B82DD6700E78858 /* rsa.h */ = {isa = PBXFileReference; lastKnownFileType = sourcecode.c.h; path = rsa.h; sourceTree = "<group>"; };
		5393C0D21B82DD6700E78858 /* rsa.h.bak */ = {isa = PBXFileReference; lastKnownFileType = text; path = rsa.h.bak; sourceTree = "<group>"; };
		5393C0D31B82DD6700E78858 /* safestack.h */ = {isa = PBXFileReference; lastKnownFileType = sourcecode.c.h; path = safestack.h; sourceTree = "<group>"; };
		5393C0D41B82DD6700E78858 /* seed.h */ = {isa = PBXFileReference; lastKnownFileType = sourcecode.c.h; path = seed.h; sourceTree = "<group>"; };
		5393C0D51B82DD6700E78858 /* sha.h */ = {isa = PBXFileReference; lastKnownFileType = sourcecode.c.h; path = sha.h; sourceTree = "<group>"; };
		5393C0D61B82DD6700E78858 /* srp.h */ = {isa = PBXFileReference; lastKnownFileType = sourcecode.c.h; path = srp.h; sourceTree = "<group>"; };
		5393C0D71B82DD6700E78858 /* srtp.h */ = {isa = PBXFileReference; lastKnownFileType = sourcecode.c.h; path = srtp.h; sourceTree = "<group>"; };
		5393C0D81B82DD6700E78858 /* ssl.h */ = {isa = PBXFileReference; lastKnownFileType = sourcecode.c.h; path = ssl.h; sourceTree = "<group>"; };
		5393C0D91B82DD6700E78858 /* ssl2.h */ = {isa = PBXFileReference; lastKnownFileType = sourcecode.c.h; path = ssl2.h; sourceTree = "<group>"; };
		5393C0DA1B82DD6700E78858 /* ssl23.h */ = {isa = PBXFileReference; lastKnownFileType = sourcecode.c.h; path = ssl23.h; sourceTree = "<group>"; };
		5393C0DB1B82DD6700E78858 /* ssl3.h */ = {isa = PBXFileReference; lastKnownFileType = sourcecode.c.h; path = ssl3.h; sourceTree = "<group>"; };
		5393C0DC1B82DD6700E78858 /* stack.h */ = {isa = PBXFileReference; lastKnownFileType = sourcecode.c.h; path = stack.h; sourceTree = "<group>"; };
		5393C0DD1B82DD6700E78858 /* symhacks.h */ = {isa = PBXFileReference; lastKnownFileType = sourcecode.c.h; path = symhacks.h; sourceTree = "<group>"; };
		5393C0DE1B82DD6700E78858 /* tls1.h */ = {isa = PBXFileReference; lastKnownFileType = sourcecode.c.h; path = tls1.h; sourceTree = "<group>"; };
		5393C0DF1B82DD6700E78858 /* ts.h */ = {isa = PBXFileReference; lastKnownFileType = sourcecode.c.h; path = ts.h; sourceTree = "<group>"; };
		5393C0E01B82DD6700E78858 /* txt_db.h */ = {isa = PBXFileReference; lastKnownFileType = sourcecode.c.h; path = txt_db.h; sourceTree = "<group>"; };
		5393C0E11B82DD6700E78858 /* ui.h */ = {isa = PBXFileReference; lastKnownFileType = sourcecode.c.h; path = ui.h; sourceTree = "<group>"; };
		5393C0E21B82DD6700E78858 /* ui_compat.h */ = {isa = PBXFileReference; lastKnownFileType = sourcecode.c.h; path = ui_compat.h; sourceTree = "<group>"; };
		5393C0E31B82DD6700E78858 /* whrlpool.h */ = {isa = PBXFileReference; lastKnownFileType = sourcecode.c.h; path = whrlpool.h; sourceTree = "<group>"; };
		5393C0E41B82DD6700E78858 /* x509.h */ = {isa = PBXFileReference; lastKnownFileType = sourcecode.c.h; path = x509.h; sourceTree = "<group>"; };
		5393C0E51B82DD6700E78858 /* x509_vfy.h */ = {isa = PBXFileReference; lastKnownFileType = sourcecode.c.h; path = x509_vfy.h; sourceTree = "<group>"; };
		5393C0E61B82DD6700E78858 /* x509v3.h */ = {isa = PBXFileReference; lastKnownFileType = sourcecode.c.h; path = x509v3.h; sourceTree = "<group>"; };
		5393C0E81B82DD6700E78858 /* libcrypto.a */ = {isa = PBXFileReference; lastKnownFileType = archive.ar; path = libcrypto.a; sourceTree = "<group>"; };
/* End PBXFileReference section */

/* Begin PBXFrameworksBuildPhase section */
		530939791B7DF30E000D335D /* Frameworks */ = {
			isa = PBXFrameworksBuildPhase;
			buildActionMask = 2147483647;
			files = (
				5393C0E91B82DD6C00E78858 /* libcrypto.a in Frameworks */,
			);
			runOnlyForDeploymentPostprocessing = 0;
		};
/* End PBXFrameworksBuildPhase section */

/* Begin PBXGroup section */
		530939731B7DF30E000D335D = {
			isa = PBXGroup;
			children = (
				5393C0991B82DD6700E78858 /* include */,
				5393C0E71B82DD6700E78858 /* lib */,
				5393C0291B82DCB700E78858 /* source */,
				5309397D1B7DF30E000D335D /* Products */,
			);
			sourceTree = "<group>";
		};
		5309397D1B7DF30E000D335D /* Products */ = {
			isa = PBXGroup;
			children = (
				5309397C1B7DF30E000D335D /* liblog.dylib */,
			);
			name = Products;
			sourceTree = "<group>";
		};
		5393C0291B82DCB700E78858 /* source */ = {
			isa = PBXGroup;
			children = (
				5393C08F1B82DD6100E78858 /* base64.c */,
				5393C0901B82DD6100E78858 /* base64.h */,
				5393C0911B82DD6100E78858 /* interface.c */,
				5393C0921B82DD6100E78858 /* util.c */,
				5393C0931B82DD6100E78858 /* util.h */,
			);
			name = source;
			sourceTree = "<group>";
		};
		5393C0991B82DD6700E78858 /* include */ = {
			isa = PBXGroup;
			children = (
				5393C09A1B82DD6700E78858 /* openssl */,
			);
			name = include;
			path = src/main/c/include;
			sourceTree = "<group>";
		};
		5393C09A1B82DD6700E78858 /* openssl */ = {
			isa = PBXGroup;
			children = (
				5393C09B1B82DD6700E78858 /* aes.h */,
				5393C09C1B82DD6700E78858 /* asn1.h */,
				5393C09D1B82DD6700E78858 /* asn1_mac.h */,
				5393C09E1B82DD6700E78858 /* asn1t.h */,
				5393C09F1B82DD6700E78858 /* bio.h */,
				5393C0A01B82DD6700E78858 /* blowfish.h */,
				5393C0A11B82DD6700E78858 /* bn.h */,
				5393C0A21B82DD6700E78858 /* buffer.h */,
				5393C0A31B82DD6700E78858 /* camellia.h */,
				5393C0A41B82DD6700E78858 /* cast.h */,
				5393C0A51B82DD6700E78858 /* cmac.h */,
				5393C0A61B82DD6700E78858 /* cms.h */,
				5393C0A71B82DD6700E78858 /* comp.h */,
				5393C0A81B82DD6700E78858 /* conf.h */,
				5393C0A91B82DD6700E78858 /* conf_api.h */,
				5393C0AA1B82DD6700E78858 /* crypto.h */,
				5393C0AB1B82DD6700E78858 /* des.h */,
				5393C0AC1B82DD6700E78858 /* des_old.h */,
				5393C0AD1B82DD6700E78858 /* dh.h */,
				5393C0AE1B82DD6700E78858 /* dsa.h */,
				5393C0AF1B82DD6700E78858 /* dso.h */,
				5393C0B01B82DD6700E78858 /* dtls1.h */,
				5393C0B11B82DD6700E78858 /* e_os2.h */,
				5393C0B21B82DD6700E78858 /* ebcdic.h */,
				5393C0B31B82DD6700E78858 /* ec.h */,
				5393C0B41B82DD6700E78858 /* ecdh.h */,
				5393C0B51B82DD6700E78858 /* ecdsa.h */,
				5393C0B61B82DD6700E78858 /* engine.h */,
				5393C0B71B82DD6700E78858 /* err.h */,
				5393C0B81B82DD6700E78858 /* evp.h */,
				5393C0B91B82DD6700E78858 /* hmac.h */,
				5393C0BA1B82DD6700E78858 /* idea.h */,
				5393C0BB1B82DD6700E78858 /* krb5_asn.h */,
				5393C0BC1B82DD6700E78858 /* kssl.h */,
				5393C0BD1B82DD6700E78858 /* lhash.h */,
				5393C0BE1B82DD6700E78858 /* md4.h */,
				5393C0BF1B82DD6700E78858 /* md5.h */,
				5393C0C01B82DD6700E78858 /* mdc2.h */,
				5393C0C11B82DD6700E78858 /* modes.h */,
				5393C0C21B82DD6700E78858 /* obj_mac.h */,
				5393C0C31B82DD6700E78858 /* objects.h */,
				5393C0C41B82DD6700E78858 /* ocsp.h */,
				5393C0C51B82DD6700E78858 /* opensslconf.h */,
				5393C0C61B82DD6700E78858 /* opensslv.h */,
				5393C0C71B82DD6700E78858 /* ossl_typ.h */,
				5393C0C81B82DD6700E78858 /* pem.h */,
				5393C0C91B82DD6700E78858 /* pem2.h */,
				5393C0CA1B82DD6700E78858 /* pkcs12.h */,
				5393C0CB1B82DD6700E78858 /* pkcs7.h */,
				5393C0CC1B82DD6700E78858 /* pqueue.h */,
				5393C0CD1B82DD6700E78858 /* rand.h */,
				5393C0CE1B82DD6700E78858 /* rc2.h */,
				5393C0CF1B82DD6700E78858 /* rc4.h */,
				5393C0D01B82DD6700E78858 /* ripemd.h */,
				5393C0D11B82DD6700E78858 /* rsa.h */,
				5393C0D21B82DD6700E78858 /* rsa.h.bak */,
				5393C0D31B82DD6700E78858 /* safestack.h */,
				5393C0D41B82DD6700E78858 /* seed.h */,
				5393C0D51B82DD6700E78858 /* sha.h */,
				5393C0D61B82DD6700E78858 /* srp.h */,
				5393C0D71B82DD6700E78858 /* srtp.h */,
				5393C0D81B82DD6700E78858 /* ssl.h */,
				5393C0D91B82DD6700E78858 /* ssl2.h */,
				5393C0DA1B82DD6700E78858 /* ssl23.h */,
				5393C0DB1B82DD6700E78858 /* ssl3.h */,
				5393C0DC1B82DD6700E78858 /* stack.h */,
				5393C0DD1B82DD6700E78858 /* symhacks.h */,
				5393C0DE1B82DD6700E78858 /* tls1.h */,
				5393C0DF1B82DD6700E78858 /* ts.h */,
				5393C0E01B82DD6700E78858 /* txt_db.h */,
				5393C0E11B82DD6700E78858 /* ui.h */,
				5393C0E21B82DD6700E78858 /* ui_compat.h */,
				5393C0E31B82DD6700E78858 /* whrlpool.h */,
				5393C0E41B82DD6700E78858 /* x509.h */,
				5393C0E51B82DD6700E78858 /* x509_vfy.h */,
				5393C0E61B82DD6700E78858 /* x509v3.h */,
			);
			path = openssl;
			sourceTree = "<group>";
		};
		5393C0E71B82DD6700E78858 /* lib */ = {
			isa = PBXGroup;
			children = (
				5393C0E81B82DD6700E78858 /* libcrypto.a */,
			);
			name = lib;
			path = src/main/c/lib;
			sourceTree = "<group>";
		};
/* End PBXGroup section */

/* Begin PBXHeadersBuildPhase section */
		5309397A1B7DF30E000D335D /* Headers */ = {
			isa = PBXHeadersBuildPhase;
			buildActionMask = 2147483647;
			files = (
				5393C0981B82DD6100E78858 /* util.h in Headers */,
				5393C0951B82DD6100E78858 /* base64.h in Headers */,
			);
			runOnlyForDeploymentPostprocessing = 0;
		};
/* End PBXHeadersBuildPhase section */

/* Begin PBXNativeTarget section */
		5309397B1B7DF30E000D335D /* jnilib */ = {
			isa = PBXNativeTarget;
			buildConfigurationList = 530939801B7DF30E000D335D /* Build configuration list for PBXNativeTarget "jnilib" */;
			buildPhases = (
				530939781B7DF30E000D335D /* Sources */,
				530939791B7DF30E000D335D /* Frameworks */,
				5309397A1B7DF30E000D335D /* Headers */,
			);
			buildRules = (
			);
			dependencies = (
			);
			name = jnilib;
			productName = log;
			productReference = 5309397C1B7DF30E000D335D /* liblog.dylib */;
			productType = "com.apple.product-type.library.dynamic";
		};
/* End PBXNativeTarget section */

/* Begin PBXProject section */
		530939741B7DF30E000D335D /* Project object */ = {
			isa = PBXProject;
			attributes = {
				LastUpgradeCheck = 0640;
				ORGANIZATIONNAME = getui;
				TargetAttributes = {
					5309397B1B7DF30E000D335D = {
						CreatedOnToolsVersion = 6.4;
					};
				};
			};
			buildConfigurationList = 530939771B7DF30E000D335D /* Build configuration list for PBXProject "jnilib" */;
			compatibilityVersion = "Xcode 3.2";
			developmentRegion = English;
			hasScannedForEncodings = 0;
			knownRegions = (
				en,
			);
			mainGroup = 530939731B7DF30E000D335D;
			productRefGroup = 5309397D1B7DF30E000D335D /* Products */;
			projectDirPath = "";
			projectRoot = "";
			targets = (
				5309397B1B7DF30E000D335D /* jnilib */,
			);
		};
/* End PBXProject section */

/* Begin PBXSourcesBuildPhase section */
		530939781B7DF30E000D335D /* Sources */ = {
			isa = PBXSourcesBuildPhase;
			buildActionMask = 2147483647;
			files = (
				5393C0941B82DD6100E78858 /* base64.c in Sources */,
				5393C0961B82DD6100E78858 /* interface.c in Sources */,
				5393C0971B82DD6100E78858 /* util.c in Sources */,
			);
			runOnlyForDeploymentPostprocessing = 0;
		};
/* End PBXSourcesBuildPhase section */

/* Begin XCBuildConfiguration section */
		5309397E1B7DF30E000D335D /* Debug */ = {
			isa = XCBuildConfiguration;
			buildSettings = {
				ALWAYS_SEARCH_USER_PATHS = NO;
				CLANG_CXX_LANGUAGE_STANDARD = "gnu++0x";
				CLANG_CXX_LIBRARY = "libc++";
				CLANG_ENABLE_MODULES = YES;
				CLANG_ENABLE_OBJC_ARC = YES;
				CLANG_WARN_BOOL_CONVERSION = YES;
				CLANG_WARN_CONSTANT_CONVERSION = YES;
				CLANG_WARN_DIRECT_OBJC_ISA_USAGE = YES_ERROR;
				CLANG_WARN_EMPTY_BODY = YES;
				CLANG_WARN_ENUM_CONVERSION = YES;
				CLANG_WARN_INT_CONVERSION = YES;
				CLANG_WARN_OBJC_ROOT_CLASS = YES_ERROR;
				CLANG_WARN_UNREACHABLE_CODE = YES;
				CLANG_WARN__DUPLICATE_METHOD_MATCH = YES;
				COPY_PHASE_STRIP = NO;
				DEBUG_INFORMATION_FORMAT = dwarf;
				ENABLE_STRICT_OBJC_MSGSEND = YES;
				GCC_C_LANGUAGE_STANDARD = gnu99;
				GCC_DYNAMIC_NO_PIC = NO;
				GCC_NO_COMMON_BLOCKS = YES;
				GCC_OPTIMIZATION_LEVEL = 0;
				GCC_PREPROCESSOR_DEFINITIONS = (
					"DEBUG=1",
					"$(inherited)",
				);
				GCC_SYMBOLS_PRIVATE_EXTERN = NO;
				GCC_WARN_64_TO_32_BIT_CONVERSION = YES;
				GCC_WARN_ABOUT_RETURN_TYPE = YES_ERROR;
				GCC_WARN_UNDECLARED_SELECTOR = YES;
				GCC_WARN_UNINITIALIZED_AUTOS = YES_AGGRESSIVE;
				GCC_WARN_UNUSED_FUNCTION = YES;
				GCC_WARN_UNUSED_VARIABLE = YES;
				MACOSX_DEPLOYMENT_TARGET = 10.10;
				MTL_ENABLE_DEBUG_INFO = YES;
				ONLY_ACTIVE_ARCH = YES;
				SDKROOT = macosx;
			};
			name = Debug;
		};
		5309397F1B7DF30E000D335D /* Release */ = {
			isa = XCBuildConfiguration;
			buildSettings = {
				ALWAYS_SEARCH_USER_PATHS = NO;
				CLANG_CXX_LANGUAGE_STANDARD = "gnu++0x";
				CLANG_CXX_LIBRARY = "libc++";
				CLANG_ENABLE_MODULES = YES;
				CLANG_ENABLE_OBJC_ARC = YES;
				CLANG_WARN_BOOL_CONVERSION = YES;
				CLANG_WARN_CONSTANT_CONVERSION = YES;
				CLANG_WARN_DIRECT_OBJC_ISA_USAGE = YES_ERROR;
				CLANG_WARN_EMPTY_BODY = YES;
				CLANG_WARN_ENUM_CONVERSION = YES;
				CLANG_WARN_INT_CONVERSION = YES;
				CLANG_WARN_OBJC_ROOT_CLASS = YES_ERROR;
				CLANG_WARN_UNREACHABLE_CODE = YES;
				CLANG_WARN__DUPLICATE_METHOD_MATCH = YES;
				COPY_PHASE_STRIP = NO;
				DEBUG_INFORMATION_FORMAT = "dwarf-with-dsym";
				ENABLE_NS_ASSERTIONS = NO;
				ENABLE_STRICT_OBJC_MSGSEND = YES;
				GCC_C_LANGUAGE_STANDARD = gnu99;
				GCC_NO_COMMON_BLOCKS = YES;
				GCC_WARN_64_TO_32_BIT_CONVERSION = YES;
				GCC_WARN_ABOUT_RETURN_TYPE = YES_ERROR;
				GCC_WARN_UNDECLARED_SELECTOR = YES;
				GCC_WARN_UNINITIALIZED_AUTOS = YES_AGGRESSIVE;
				GCC_WARN_UNUSED_FUNCTION = YES;
				GCC_WARN_UNUSED_VARIABLE = YES;
				MACOSX_DEPLOYMENT_TARGET = 10.10;
				MTL_ENABLE_DEBUG_INFO = NO;
				SDKROOT = macosx;
			};
			name = Release;
		};
		530939811B7DF30E000D335D /* Debug */ = {
			isa = XCBuildConfiguration;
			buildSettings = {
				DYLIB_COMPATIBILITY_VERSION = 1;
				DYLIB_CURRENT_VERSION = 1;
				EXECUTABLE_PREFIX = lib;
				HEADER_SEARCH_PATHS = (
					/Library/Java/JavaVirtualMachines/jdk1.7.0_79.jdk/Contents/Home/include,
					/Library/Java/JavaVirtualMachines/jdk1.7.0_79.jdk/Contents/Home/include/darwin,
				);
				LIBRARY_SEARCH_PATHS = (
					"$(inherited)",
					"$(PROJECT_DIR)/lib",
					"/Users/keith/Project/getui-log-restapi-java/src/main/c/lib",
					"$(PROJECT_DIR)/src/main/c/lib",
				);
				PRODUCT_NAME = log;
			};
			name = Debug;
		};
		530939821B7DF30E000D335D /* Release */ = {
			isa = XCBuildConfiguration;
			buildSettings = {
				DYLIB_COMPATIBILITY_VERSION = 1;
				DYLIB_CURRENT_VERSION = 1;
				EXECUTABLE_PREFIX = lib;
				HEADER_SEARCH_PATHS = (
					/Library/Java/JavaVirtualMachines/jdk1.7.0_79.jdk/Contents/Home/include,
					/Library/Java/JavaVirtualMachines/jdk1.7.0_79.jdk/Contents/Home/include/darwin,
				);
				LIBRARY_SEARCH_PATHS = (
					"$(inherited)",
					"$(PROJECT_DIR)/lib",
					"/Users/keith/Project/getui-log-restapi-java/src/main/c/lib",
					"$(PROJECT_DIR)/src/main/c/lib",
				);
				PRODUCT_NAME = log;
			};
			name = Release;
		};
/* End XCBuildConfiguration section */

/* Begin XCConfigurationList section */
		530939771B7DF30E000D335D /* Build configuration list for PBXProject "jnilib" */ = {
			isa = XCConfigurationList;
			buildConfigurations = (
				5309397E1B7DF30E000D335D /* Debug */,
				5309397F1B7DF30E000D335D /* Release */,
			);
			defaultConfigurationIsVisible = 0;
			defaultConfigurationName = Release;
		};
		530939801B7DF30E000D335D /* Build configuration list for PBXNativeTarget "jnilib" */ = {
			isa = XCConfigurationList;
			buildConfigurations = (
				530939811B7DF30E000D335D /* Debug */,
				530939821B7DF30E000D335D /* Release */,
			);
			defaultConfigurationIsVisible = 0;
			defaultConfigurationName = Release;
		};
/* End XCConfigurationList section */
	};
	rootObject = 530939741B7DF30E000D335D /* Project object */;
}
